
Microsoft Visual Studio Solution File, Format Version 12.00
# Visual Studio Version 17
VisualStudioVersion = 17.2.32630.192
MinimumVisualStudioVersion = 10.0.40219.1
Project("{FAE04EC0-301F-11D3-BF4B-00C04F79EFBC}") = "Calculator", "Calculator\Calculator.csproj", "{869F8922-8391-42FA-9C59-BF7D5122AF74}"
EndProject
Global
	GlobalSection(SolutionConfigurationPlatforms) = preSolution
		Debug|Any CPU = Debug|Any CPU
		Release|Any CPU = Release|Any CPU
	EndGlobalSection
	GlobalSection(ProjectConfigurationPlatforms) = postSolution
		{869F8922-8391-42FA-9C59-BF7D5122AF74}.Debug|Any CPU.ActiveCfg = Debug|Any CPU
		{869F8922-8391-42FA-9C59-BF7D5122AF74}.Debug|Any CPU.Build.0 = Debug|Any CPU
		{869F8922-8391-42FA-9C59-BF7D5122AF74}.Release|Any CPU.ActiveCfg = Release|Any CPU
		{869F8922-8391-42FA-9C59-BF7D5122AF74}.Release|Any CPU.Build.0 = Release|Any CPU
	EndGlobalSection
	GlobalSection(SolutionProperties) = preSolution
		HideSolutionNode = FALSE
	EndGlobalSection
	GlobalSection(ExtensibilityGlobals) = postSolution
		SolutionGuid = {2F95C71E-2D26-44F1-AE04-7A6DC2A97FCB}
	EndGlobalSection
EndGlobal
